// !$*UTF8*$!
{
	archiveVersion = 1;
	classes = {
	};
	objectVersion = 50;
	objects = {

/* Begin PBXBuildFile section */
		1E33CA95222A86FE009088C3 /* AppDelegate.m in Sources */ = {isa = PBXBuildFile; fileRef = 1E33CA94222A86FE009088C3 /* AppDelegate.m */; };
		1E33CA98222A86FF009088C3 /* ViewController.m in Sources */ = {isa = PBXBuildFile; fileRef = 1E33CA97222A86FF009088C3 /* ViewController.m */; };
		1E33CA9B222A86FF009088C3 /* Main.storyboard in Resources */ = {isa = PBXBuildFile; fileRef = 1E33CA99222A86FF009088C3 /* Main.storyboard */; };
		1E33CA9D222A86FF009088C3 /* Assets.xcassets in Resources */ = {isa = PBXBuildFile; fileRef = 1E33CA9C222A86FF009088C3 /* Assets.xcassets */; };
		1E33CAA0222A86FF009088C3 /* LaunchScreen.storyboard in Resources */ = {isa = PBXBuildFile; fileRef = 1E33CA9E222A86FF009088C3 /* LaunchScreen.storyboard */; };
		1E33CAA3222A86FF009088C3 /* main.m in Sources */ = {isa = PBXBuildFile; fileRef = 1E33CAA2222A86FF009088C3 /* main.m */; };
		1E33CAAD222A86FF009088C3 /* RAC_MVVMTests.m in Sources */ = {isa = PBXBuildFile; fileRef = 1E33CAAC222A86FF009088C3 /* RAC_MVVMTests.m */; };
		1E33CAB8222A86FF009088C3 /* RAC_MVVMUITests.m in Sources */ = {isa = PBXBuildFile; fileRef = 1E33CAB7222A86FF009088C3 /* RAC_MVVMUITests.m */; };
/* End PBXBuildFile section */

/* Begin PBXContainerItemProxy section */
		1E33CAA9222A86FF009088C3 /* PBXContainerItemProxy */ = {
			isa = PBXContainerItemProxy;
			containerPortal = 1E33CA88222A86FE009088C3 /* Project object */;
			proxyType = 1;
			remoteGlobalIDString = 1E33CA8F222A86FE009088C3;
			remoteInfo = "RAC+MVVM";
		};
		1E33CAB4222A86FF009088C3 /* PBXContainerItemProxy */ = {
			isa = PBXContainerItemProxy;
			containerPortal = 1E33CA88222A86FE009088C3 /* Project object */;
			proxyType = 1;
			remoteGlobalIDString = 1E33CA8F222A86FE009088C3;
			remoteInfo = "RAC+MVVM";
		};
/* End PBXContainerItemProxy section */

/* Begin PBXFileReference section */
		1E33CA90222A86FE009088C3 /* RAC+MVVM.app */ = {isa = PBXFileReference; explicitFileType = wrapper.application; includeInIndex = 0; path = "RAC+MVVM.app"; sourceTree = BUILT_PRODUCTS_DIR; };
		1E33CA93222A86FE009088C3 /* AppDelegate.h */ = {isa = PBXFileReference; lastKnownFileType = sourcecode.c.h; path = AppDelegate.h; sourceTree = "<group>"; };
		1E33CA94222A86FE009088C3 /* AppDelegate.m */ = {isa = PBXFileReference; lastKnownFileType = sourcecode.c.objc; path = AppDelegate.m; sourceTree = "<group>"; };
		1E33CA96222A86FF009088C3 /* ViewController.h */ = {isa = PBXFileReference; lastKnownFileType = sourcecode.c.h; path = ViewController.h; sourceTree = "<group>"; };
		1E33CA97222A86FF009088C3 /* ViewController.m */ = {isa = PBXFileReference; lastKnownFileType = sourcecode.c.objc; path = ViewController.m; sourceTree = "<group>"; };
		1E33CA9A222A86FF009088C3 /* Base */ = {isa = PBXFileReference; lastKnownFileType = file.storyboard; name = Base; path = Base.lproj/Main.storyboard; sourceTree = "<group>"; };
		1E33CA9C222A86FF009088C3 /* Assets.xcassets */ = {isa = PBXFileReference; lastKnownFileType = folder.assetcatalog; path = Assets.xcassets; sourceTree = "<group>"; };
		1E33CA9F222A86FF009088C3 /* Base */ = {isa = PBXFileReference; lastKnownFileType = file.storyboard; name = Base; path = Base.lproj/LaunchScreen.storyboard; sourceTree = "<group>"; };
		1E33CAA1222A86FF009088C3 /* Info.plist */ = {isa = PBXFileReference; lastKnownFileType = text.plist.xml; path = Info.plist; sourceTree = "<group>"; };
		1E33CAA2222A86FF009088C3 /* main.m */ = {isa = PBXFileReference; lastKnownFileType = sourcecode.c.objc; path = main.m; sourceTree = "<group>"; };
		1E33CAA8222A86FF009088C3 /* RAC+MVVMTests.xctest */ = {isa = PBXFileReference; explicitFileType = wrapper.cfbundle; includeInIndex = 0; path = "RAC+MVVMTests.xctest"; sourceTree = BUILT_PRODUCTS_DIR; };
		1E33CAAC222A86FF009088C3 /* RAC_MVVMTests.m */ = {isa = PBXFileReference; lastKnownFileType = sourcecode.c.objc; path = RAC_MVVMTests.m; sourceTree = "<group>"; };
		1E33CAAE222A86FF009088C3 /* Info.plist */ = {isa = PBXFileReference; lastKnownFileType = text.plist.xml; path = Info.plist; sourceTree = "<group>"; };
		1E33CAB3222A86FF009088C3 /* RAC+MVVMUITests.xctest */ = {isa = PBXFileReference; explicitFileType = wrapper.cfbundle; includeInIndex = 0; path = "RAC+MVVMUITests.xctest"; sourceTree = BUILT_PRODUCTS_DIR; };
		1E33CAB7222A86FF009088C3 /* RAC_MVVMUITests.m */ = {isa = PBXFileReference; lastKnownFileType = sourcecode.c.objc; path = RAC_MVVMUITests.m; sourceTree = "<group>"; };
		1E33CAB9222A86FF009088C3 /* Info.plist */ = {isa = PBXFileReference; lastKnownFileType = text.plist.xml; path = Info.plist; sourceTree = "<group>"; };
/* End PBXFileReference section */

/* Begin PBXFrameworksBuildPhase section */
		1E33CA8D222A86FE009088C3 /* Frameworks */ = {
			isa = PBXFrameworksBuildPhase;
			buildActionMask = 2147483647;
			files = (
			);
			runOnlyForDeploymentPostprocessing = 0;
		};
		1E33CAA5222A86FF009088C3 /* Frameworks */ = {
			isa = PBXFrameworksBuildPhase;
			buildActionMask = 2147483647;
			files = (
			);
			runOnlyForDeploymentPostprocessing = 0;
		};
		1E33CAB0222A86FF009088C3 /* Frameworks */ = {
			isa = PBXFrameworksBuildPhase;
			buildActionMask = 2147483647;
			files = (
			);
			runOnlyForDeploymentPostprocessing = 0;
		};
/* End PBXFrameworksBuildPhase section */

/* Begin PBXGroup section */
		1E33CA87222A86FE009088C3 = {
			isa = PBXGroup;
			children = (
				1E33CA92222A86FE009088C3 /* RAC+MVVM */,
				1E33CAAB222A86FF009088C3 /* RAC+MVVMTests */,
				1E33CAB6222A86FF009088C3 /* RAC+MVVMUITests */,
				1E33CA91222A86FE009088C3 /* Products */,
			);
			sourceTree = "<group>";
		};
		1E33CA91222A86FE009088C3 /* Products */ = {
			isa = PBXGroup;
			children = (
				1E33CA90222A86FE009088C3 /* RAC+MVVM.app */,
				1E33CAA8222A86FF009088C3 /* RAC+MVVMTests.xctest */,
				1E33CAB3222A86FF009088C3 /* RAC+MVVMUITests.xctest */,
			);
			name = Products;
			sourceTree = "<group>";
		};
		1E33CA92222A86FE009088C3 /* RAC+MVVM */ = {
			isa = PBXGroup;
			children = (
				1E33CA93222A86FE009088C3 /* AppDelegate.h */,
				1E33CA94222A86FE009088C3 /* AppDelegate.m */,
				1E33CA96222A86FF009088C3 /* ViewController.h */,
				1E33CA97222A86FF009088C3 /* ViewController.m */,
				1E33CA99222A86FF009088C3 /* Main.storyboard */,
				1E33CA9C222A86FF009088C3 /* Assets.xcassets */,
				1E33CA9E222A86FF009088C3 /* LaunchScreen.storyboard */,
				1E33CAA1222A86FF009088C3 /* Info.plist */,
				1E33CAA2222A86FF009088C3 /* main.m */,
			);
			path = "RAC+MVVM";
			sourceTree = "<group>";
		};
		1E33CAAB222A86FF009088C3 /* RAC+MVVMTests */ = {
			isa = PBXGroup;
			children = (
				1E33CAAC222A86FF009088C3 /* RAC_MVVMTests.m */,
				1E33CAAE222A86FF009088C3 /* Info.plist */,
			);
			path = "RAC+MVVMTests";
			sourceTree = "<group>";
		};
		1E33CAB6222A86FF009088C3 /* RAC+MVVMUITests */ = {
			isa = PBXGroup;
			children = (
				1E33CAB7222A86FF009088C3 /* RAC_MVVMUITests.m */,
				1E33CAB9222A86FF009088C3 /* Info.plist */,
			);
			path = "RAC+MVVMUITests";
			sourceTree = "<group>";
		};
/* End PBXGroup section */

/* Begin PBXNativeTarget section */
		1E33CA8F222A86FE009088C3 /* RAC+MVVM */ = {
			isa = PBXNativeTarget;
			buildConfigurationList = 1E33CABC222A86FF009088C3 /* Build configuration list for PBXNativeTarget "RAC+MVVM" */;
			buildPhases = (
				1E33CA8C222A86FE009088C3 /* Sources */,
				1E33CA8D222A86FE009088C3 /* Frameworks */,
				1E33CA8E222A86FE009088C3 /* Resources */,
			);
			buildRules = (
			);
			dependencies = (
			);
			name = "RAC+MVVM";
			productName = "RAC+MVVM";
			productReference = 1E33CA90222A86FE009088C3 /* RAC+MVVM.app */;
			productType = "com.apple.product-type.application";
		};
		1E33CAA7222A86FF009088C3 /* RAC+MVVMTests */ = {
			isa = PBXNativeTarget;
			buildConfigurationList = 1E33CABF222A86FF009088C3 /* Build configuration list for PBXNativeTarget "RAC+MVVMTests" */;
			buildPhases = (
				1E33CAA4222A86FF009088C3 /* Sources */,
				1E33CAA5222A86FF009088C3 /* Frameworks */,
				1E33CAA6222A86FF009088C3 /* Resources */,
			);
			buildRules = (
			);
			dependencies = (
				1E33CAAA222A86FF009088C3 /* PBXTargetDependency */,
			);
			name = "RAC+MVVMTests";
			productName = "RAC+MVVMTests";
			productReference = 1E33CAA8222A86FF009088C3 /* RAC+MVVMTests.xctest */;
			productType = "com.apple.product-type.bundle.unit-test";
		};
		1E33CAB2222A86FF009088C3 /* RAC+MVVMUITests */ = {
			isa = PBXNativeTarget;
			buildConfigurationList = 1E33CAC2222A86FF009088C3 /* Build configuration list for PBXNativeTarget "RAC+MVVMUITests" */;
			buildPhases = (
				1E33CAAF222A86FF009088C3 /* Sources */,
				1E33CAB0222A86FF009088C3 /* Frameworks */,
				1E33CAB1222A86FF009088C3 /* Resources */,
			);
			buildRules = (
			);
			dependencies = (
				1E33CAB5222A86FF009088C3 /* PBXTargetDependency */,
			);
			name = "RAC+MVVMUITests";
			productName = "RAC+MVVMUITests";
			productReference = 1E33CAB3222A86FF009088C3 /* RAC+MVVMUITests.xctest */;
			productType = "com.apple.product-type.bundle.ui-testing";
		};
/* End PBXNativeTarget section */

/* Begin PBXProject section */
		1E33CA88222A86FE009088C3 /* Project object */ = {
			isa = PBXProject;
			attributes = {
				LastUpgradeCheck = 1010;
				ORGANIZATIONNAME = liangyl;
				TargetAttributes = {
					1E33CA8F222A86FE009088C3 = {
						CreatedOnToolsVersion = 10.1;
					};
					1E33CAA7222A86FF009088C3 = {
						CreatedOnToolsVersion = 10.1;
						TestTargetID = 1E33CA8F222A86FE009088C3;
					};
					1E33CAB2222A86FF009088C3 = {
						CreatedOnToolsVersion = 10.1;
						TestTargetID = 1E33CA8F222A86FE009088C3;
					};
				};
			};
			buildConfigurationList = 1E33CA8B222A86FE009088C3 /* Build configuration list for PBXProject "RAC+MVVM" */;
			compatibilityVersion = "Xcode 9.3";
			developmentRegion = en;
			hasScannedForEncodings = 0;
			knownRegions = (
				en,
				Base,
			);
			mainGroup = 1E33CA87222A86FE009088C3;
			productRefGroup = 1E33CA91222A86FE009088C3 /* Products */;
			projectDirPath = "";
			projectRoot = "";
			targets = (
				1E33CA8F222A86FE009088C3 /* RAC+MVVM */,
				1E33CAA7222A86FF009088C3 /* RAC+MVVMTests */,
				1E33CAB2222A86FF009088C3 /* RAC+MVVMUITests */,
			);
		};
/* End PBXProject section */

/* Begin PBXResourcesBuildPhase section */
		1E33CA8E222A86FE009088C3 /* Resources */ = {
			isa = PBXResourcesBuildPhase;
			buildActionMask = 2147483647;
			files = (
				1E33CAA0222A86FF009088C3 /* LaunchScreen.storyboard in Resources */,
				1E33CA9D222A86FF009088C3 /* Assets.xcassets in Resources */,
				1E33CA9B222A86FF009088C3 /* Main.storyboard in Resources */,
			);
			runOnlyForDeploymentPostprocessing = 0;
		};
		1E33CAA6222A86FF009088C3 /* Resources */ = {
			isa = PBXResourcesBuildPhase;
			buildActionMask = 2147483647;
			files = (
			);
			runOnlyForDeploymentPostprocessing = 0;
		};
		1E33CAB1222A86FF009088C3 /* Resources */ = {
			isa = PBXResourcesBuildPhase;
			buildActionMask = 2147483647;
			files = (
			);
			runOnlyForDeploymentPostprocessing = 0;
		};
/* End PBXResourcesBuildPhase section */

/* Begin PBXSourcesBuildPhase section */
		1E33CA8C222A86FE009088C3 /* Sources */ = {
			isa = PBXSourcesBuildPhase;
			buildActionMask = 2147483647;
			files = (
				1E33CA98222A86FF009088C3 /* ViewController.m in Sources */,
				1E33CAA3222A86FF009088C3 /* main.m in Sources */,
				1E33CA95222A86FE009088C3 /* AppDelegate.m in Sources */,
			);
			runOnlyForDeploymentPostprocessing = 0;
		};
		1E33CAA4222A86FF009088C3 /* Sources */ = {
			isa = PBXSourcesBuildPhase;
			buildActionMask = 2147483647;
			files = (
				1E33CAAD222A86FF009088C3 /* RAC_MVVMTests.m in Sources */,
			);
			runOnlyForDeploymentPostprocessing = 0;
		};
		1E33CAAF222A86FF009088C3 /* Sources */ = {
			isa = PBXSourcesBuildPhase;
			buildActionMask = 2147483647;
			files = (
				1E33CAB8222A86FF009088C3 /* RAC_MVVMUITests.m in Sources */,
			);
			runOnlyForDeploymentPostprocessing = 0;
		};
/* End PBXSourcesBuildPhase section */

/* Begin PBXTargetDependency section */
		1E33CAAA222A86FF009088C3 /* PBXTargetDependency */ = {
			isa = PBXTargetDependency;
			target = 1E33CA8F222A86FE009088C3 /* RAC+MVVM */;
			targetProxy = 1E33CAA9222A86FF009088C3 /* PBXContainerItemProxy */;
		};
		1E33CAB5222A86FF009088C3 /* PBXTargetDependency */ = {
			isa = PBXTargetDependency;
			target = 1E33CA8F222A86FE009088C3 /* RAC+MVVM */;
			targetProxy = 1E33CAB4222A86FF009088C3 /* PBXContainerItemProxy */;
		};
/* End PBXTargetDependency section */

/* Begin PBXVariantGroup section */
		1E33CA99222A86FF009088C3 /* Main.storyboard */ = {
			isa = PBXVariantGroup;
			children = (
				1E33CA9A222A86FF009088C3 /* Base */,
			);
			name = Main.storyboard;
			sourceTree = "<group>";
		};
		1E33CA9E222A86FF009088C3 /* LaunchScreen.storyboard */ = {
			isa = PBXVariantGroup;
			children = (
				1E33CA9F222A86FF009088C3 /* Base */,
			);
			name = LaunchScreen.storyboard;
			sourceTree = "<group>";
		};
/* End PBXVariantGroup section */

/* Begin XCBuildConfiguration section */
		1E33CABA222A86FF009088C3 /* Debug */ = {
			isa = XCBuildConfiguration;
			buildSettings = {
				ALWAYS_SEARCH_USER_PATHS = NO;
				CLANG_ANALYZER_NONNULL = YES;
				CLANG_ANALYZER_NUMBER_OBJECT_CONVERSION = YES_AGGRESSIVE;
				CLANG_CXX_LANGUAGE_STANDARD = "gnu++14";
				CLANG_CXX_LIBRARY = "libc++";
				CLANG_ENABLE_MODULES = YES;
				CLANG_ENABLE_OBJC_ARC = YES;
				CLANG_ENABLE_OBJC_WEAK = YES;
				CLANG_WARN_BLOCK_CAPTURE_AUTORELEASING = YES;
				CLANG_WARN_BOOL_CONVERSION = YES;
				CLANG_WARN_COMMA = YES;
				CLANG_WARN_CONSTANT_CONVERSION = YES;
				CLANG_WARN_DEPRECATED_OBJC_IMPLEMENTATIONS = YES;
				CLANG_WARN_DIRECT_OBJC_ISA_USAGE = YES_ERROR;
				CLANG_WARN_DOCUMENTATION_COMMENTS = YES;
				CLANG_WARN_EMPTY_BODY = YES;
				CLANG_WARN_ENUM_CONVERSION = YES;
				CLANG_WARN_INFINITE_RECURSION = YES;
				CLANG_WARN_INT_CONVERSION = YES;
				CLANG_WARN_NON_LITERAL_NULL_CONVERSION = YES;
				CLANG_WARN_OBJC_IMPLICIT_RETAIN_SELF = YES;
				CLANG_WARN_OBJC_LITERAL_CONVERSION = YES;
				CLANG_WARN_OBJC_ROOT_CLASS = YES_ERROR;
				CLANG_WARN_RANGE_LOOP_ANALYSIS = YES;
				CLANG_WARN_STRICT_PROTOTYPES = YES;
				CLANG_WARN_SUSPICIOUS_MOVE = YES;
				CLANG_WARN_UNGUARDED_AVAILABILITY = YES_AGGRESSIVE;
				CLANG_WARN_UNREACHABLE_CODE = YES;
				CLANG_WARN__DUPLICATE_METHOD_MATCH = YES;
				CODE_SIGN_IDENTITY = "iPhone Developer";
				COPY_PHASE_STRIP = NO;
				DEBUG_INFORMATION_FORMAT = dwarf;
				ENABLE_STRICT_OBJC_MSGSEND = YES;
				ENABLE_TESTABILITY = YES;
				GCC_C_LANGUAGE_STANDARD = gnu11;
				GCC_DYNAMIC_NO_PIC = NO;
				GCC_NO_COMMON_BLOCKS = YES;
				GCC_OPTIMIZATION_LEVEL = 0;
				GCC_PREPROCESSOR_DEFINITIONS = (
					"DEBUG=1",
					"$(inherited)",
				);
				GCC_WARN_64_TO_32_BIT_CONVERSION = YES;
				GCC_WARN_ABOUT_RETURN_TYPE = YES_ERROR;
				GCC_WARN_UNDECLARED_SELECTOR = YES;
				GCC_WARN_UNINITIALIZED_AUTOS = YES_AGGRESSIVE;
				GCC_WARN_UNUSED_FUNCTION = YES;
				GCC_WARN_UNUSED_VARIABLE = YES;
				IPHONEOS_DEPLOYMENT_TARGET = 12.1;
				MTL_ENABLE_DEBUG_INFO = INCLUDE_SOURCE;
				MTL_FAST_MATH = YES;
				ONLY_ACTIVE_ARCH = YES;
				SDKROOT = iphoneos;
			};
			name = Debug;
		};
		1E33CABB222A86FF009088C3 /* Release */ = {
			isa = XCBuildConfiguration;
			buildSettings = {
				ALWAYS_SEARCH_USER_PATHS = NO;
				CLANG_ANALYZER_NONNULL = YES;
				CLANG_ANALYZER_NUMBER_OBJECT_CONVERSION = YES_AGGRESSIVE;
				CLANG_CXX_LANGUAGE_STANDARD = "gnu++14";
				CLANG_CXX_LIBRARY = "libc++";
				CLANG_ENABLE_MODULES = YES;
				CLANG_ENABLE_OBJC_ARC = YES;
				CLANG_ENABLE_OBJC_WEAK = YES;
				CLANG_WARN_BLOCK_CAPTURE_AUTORELEASING = YES;
				CLANG_WARN_BOOL_CONVERSION = YES;
				CLANG_WARN_COMMA = YES;
				CLANG_WARN_CONSTANT_CONVERSION = YES;
				CLANG_WARN_DEPRECATED_OBJC_IMPLEMENTATIONS = YES;
				CLANG_WARN_DIRECT_OBJC_ISA_USAGE = YES_ERROR;
				CLANG_WARN_DOCUMENTATION_COMMENTS = YES;
				CLANG_WARN_EMPTY_BODY = YES;
				CLANG_WARN_ENUM_CONVERSION = YES;
				CLANG_WARN_INFINITE_RECURSION = YES;
				CLANG_WARN_INT_CONVERSION = YES;
				CLANG_WARN_NON_LITERAL_NULL_CONVERSION = YES;
				CLANG_WARN_OBJC_IMPLICIT_RETAIN_SELF = YES;
				CLANG_WARN_OBJC_LITERAL_CONVERSION = YES;
				CLANG_WARN_OBJC_ROOT_CLASS = YES_ERROR;
				CLANG_WARN_RANGE_LOOP_ANALYSIS = YES;
				CLANG_WARN_STRICT_PROTOTYPES = YES;
				CLANG_WARN_SUSPICIOUS_MOVE = YES;
				CLANG_WARN_UNGUARDED_AVAILABILITY = YES_AGGRESSIVE;
				CLANG_WARN_UNREACHABLE_CODE = YES;
				CLANG_WARN__DUPLICATE_METHOD_MATCH = YES;
				CODE_SIGN_IDENTITY = "iPhone Developer";
				COPY_PHASE_STRIP = NO;
				DEBUG_INFORMATION_FORMAT = "dwarf-with-dsym";
				ENABLE_NS_ASSERTIONS = NO;
				ENABLE_STRICT_OBJC_MSGSEND = YES;
				GCC_C_LANGUAGE_STANDARD = gnu11;
				GCC_NO_COMMON_BLOCKS = YES;
				GCC_WARN_64_TO_32_BIT_CONVERSION = YES;
				GCC_WARN_ABOUT_RETURN_TYPE = YES_ERROR;
				GCC_WARN_UNDECLARED_SELECTOR = YES;
				GCC_WARN_UNINITIALIZED_AUTOS = YES_AGGRESSIVE;
				GCC_WARN_UNUSED_FUNCTION = YES;
				GCC_WARN_UNUSED_VARIABLE = YES;
				IPHONEOS_DEPLOYMENT_TARGET = 12.1;
				MTL_ENABLE_DEBUG_INFO = NO;
				MTL_FAST_MATH = YES;
				SDKROOT = iphoneos;
				VALIDATE_PRODUCT = YES;
			};
			name = Release;
		};
		1E33CABD222A86FF009088C3 /* Debug */ = {
			isa = XCBuildConfiguration;
			buildSettings = {
				ASSETCATALOG_COMPILER_APPICON_NAME = AppIcon;
				CODE_SIGN_STYLE = Automatic;
				INFOPLIST_FILE = "RAC+MVVM/Info.plist";
				LD_RUNPATH_SEARCH_PATHS = (
					"$(inherited)",
					"@executable_path/Frameworks",
				);
				PRODUCT_BUNDLE_IDENTIFIER = "xdf.RAC-MVVM";
				PRODUCT_NAME = "$(TARGET_NAME)";
				TARGETED_DEVICE_FAMILY = "1,2";
			};
			name = Debug;
		};
		1E33CABE222A86FF009088C3 /* Release */ = {
			isa = XCBuildConfiguration;
			buildSettings = {
				ASSETCATALOG_COMPILER_APPICON_NAME = AppIcon;
				CODE_SIGN_STYLE = Automatic;
				INFOPLIST_FILE = "RAC+MVVM/Info.plist";
				LD_RUNPATH_SEARCH_PATHS = (
					"$(inherited)",
					"@executable_path/Frameworks",
				);
				PRODUCT_BUNDLE_IDENTIFIER = "xdf.RAC-MVVM";
				PRODUCT_NAME = "$(TARGET_NAME)";
				TARGETED_DEVICE_FAMILY = "1,2";
			};
			name = Release;
		};
		1E33CAC0222A86FF009088C3 /* Debug */ = {
			isa = XCBuildConfiguration;
			buildSettings = {
				BUNDLE_LOADER = "$(TEST_HOST)";
				CODE_SIGN_STYLE = Automatic;
				INFOPLIST_FILE = "RAC+MVVMTests/Info.plist";
				LD_RUNPATH_SEARCH_PATHS = (
					"$(inherited)",
					"@executable_path/Frameworks",
					"@loader_path/Frameworks",
				);
				PRODUCT_BUNDLE_IDENTIFIER = "xdf.RAC-MVVMTests";
				PRODUCT_NAME = "$(TARGET_NAME)";
				TARGETED_DEVICE_FAMILY = "1,2";
				TEST_HOST = "$(BUILT_PRODUCTS_DIR)/RAC+MVVM.app/RAC+MVVM";
			};
			name = Debug;
		};
		1E33CAC1222A86FF009088C3 /* Release */ = {
			isa = XCBuildConfiguration;
			buildSettings = {
				BUNDLE_LOADER = "$(TEST_HOST)";
				CODE_SIGN_STYLE = Automatic;
				INFOPLIST_FILE = "RAC+MVVMTests/Info.plist";
				LD_RUNPATH_SEARCH_PATHS = (
					"$(inherited)",
					"@executable_path/Frameworks",
					"@loader_path/Frameworks",
				);
				PRODUCT_BUNDLE_IDENTIFIER = "xdf.RAC-MVVMTests";
				PRODUCT_NAME = "$(TARGET_NAME)";
				TARGETED_DEVICE_FAMILY = "1,2";
				TEST_HOST = "$(BUILT_PRODUCTS_DIR)/RAC+MVVM.app/RAC+MVVM";
			};
			name = Release;
		};
		1E33CAC3222A86FF009088C3 /* Debug */ = {
			isa = XCBuildConfiguration;
			buildSettings = {
				CODE_SIGN_STYLE = Automatic;
				INFOPLIST_FILE = "RAC+MVVMUITests/Info.plist";
				LD_RUNPATH_SEARCH_PATHS = (
					"$(inherited)",
					"@executable_path/Frameworks",
					"@loader_path/Frameworks",
				);
				PRODUCT_BUNDLE_IDENTIFIER = "xdf.RAC-MVVMUITests";
				PRODUCT_NAME = "$(TARGET_NAME)";
				TARGETED_DEVICE_FAMILY = "1,2";
				TEST_TARGET_NAME = "RAC+MVVM";
			};
			name = Debug;
		};
		1E33CAC4222A86FF009088C3 /* Release */ = {
			isa = XCBuildConfiguration;
			buildSettings = {
				CODE_SIGN_STYLE = Automatic;
				INFOPLIST_FILE = "RAC+MVVMUITests/Info.plist";
				LD_RUNPATH_SEARCH_PATHS = (
					"$(inherited)",
					"@executable_path/Frameworks",
					"@loader_path/Frameworks",
				);
				PRODUCT_BUNDLE_IDENTIFIER = "xdf.RAC-MVVMUITests";
				PRODUCT_NAME = "$(TARGET_NAME)";
				TARGETED_DEVICE_FAMILY = "1,2";
				TEST_TARGET_NAME = "RAC+MVVM";
			};
			name = Release;
		};
/* End XCBuildConfiguration section */

/* Begin XCConfigurationList section */
		1E33CA8B222A86FE009088C3 /* Build configuration list for PBXProject "RAC+MVVM" */ = {
			isa = XCConfigurationList;
			buildConfigurations = (
				1E33CABA222A86FF009088C3 /* Debug */,
				1E33CABB222A86FF009088C3 /* Release */,
			);
			defaultConfigurationIsVisible = 0;
			defaultConfigurationName = Release;
		};
		1E33CABC222A86FF009088C3 /* Build configuration list for PBXNativeTarget "RAC+MVVM" */ = {
			isa = XCConfigurationList;
			buildConfigurations = (
				1E33CABD222A86FF009088C3 /* Debug */,
				1E33CABE222A86FF009088C3 /* Release */,
			);
			defaultConfigurationIsVisible = 0;
			defaultConfigurationName = Release;
		};
		1E33CABF222A86FF009088C3 /* Build configuration list for PBXNativeTarget "RAC+MVVMTests" */ = {
			isa = XCConfigurationList;
			buildConfigurations = (
				1E33CAC0222A86FF009088C3 /* Debug */,
				1E33CAC1222A86FF009088C3 /* Release */,
			);
			defaultConfigurationIsVisible = 0;
			defaultConfigurationName = Release;
		};
		1E33CAC2222A86FF009088C3 /* Build configuration list for PBXNativeTarget "RAC+MVVMUITests" */ = {
			isa = XCConfigurationList;
			buildConfigurations = (
				1E33CAC3222A86FF009088C3 /* Debug */,
				1E33CAC4222A86FF009088C3 /* Release */,
			);
			defaultConfigurationIsVisible = 0;
			defaultConfigurationName = Release;
		};
/* End XCConfigurationList section */
	};
	rootObject = 1E33CA88222A86FE009088C3 /* Project object */;
}
